
Microsoft Visual Studio Solution File, Format Version 12.00
# Visual Studio Version 17
VisualStudioVersion = 17.8.34330.188
MinimumVisualStudioVersion = 10.0.40219.1
Project("{FAE04EC0-301F-11D3-BF4B-00C04F79EFBC}") = "PracticeDec22_2PM", "PracticeDec22_2PM\PracticeDec22_2PM.csproj", "{52AF6B12-73F3-4D46-BD0F-9D21CF3CFA66}"
EndProject
Global
	GlobalSection(SolutionConfigurationPlatforms) = preSolution
		Debug|Any CPU = Debug|Any CPU
		Release|Any CPU = Release|Any CPU
	EndGlobalSection
	GlobalSection(ProjectConfigurationPlatforms) = postSolution
		{52AF6B12-73F3-4D46-BD0F-9D21CF3CFA66}.Debug|Any CPU.ActiveCfg = Debug|Any CPU
		{52AF6B12-73F3-4D46-BD0F-9D21CF3CFA66}.Debug|Any CPU.Build.0 = Debug|Any CPU
		{52AF6B12-73F3-4D46-BD0F-9D21CF3CFA66}.Release|Any CPU.ActiveCfg = Release|Any CPU
		{52AF6B12-73F3-4D46-BD0F-9D21CF3CFA66}.Release|Any CPU.Build.0 = Release|Any CPU
	EndGlobalSection
	GlobalSection(SolutionProperties) = preSolution
		HideSolutionNode = FALSE
	EndGlobalSection
	GlobalSection(ExtensibilityGlobals) = postSolution
		SolutionGuid = {1B92D396-0587-4989-9D01-857FADF0EBF4}
	EndGlobalSection
EndGlobal
